
Microsoft Visual Studio Solution File, Format Version 12.00
Project("{FAE04EC0-301F-11D3-BF4B-00C04F79EFBC}") = "SBEPIS", "SBEPIS\SBEPIS.csproj", "{F5F4C9BD-75C9-474A-84CD-F65AEC842A23}"
EndProject
Project("{FAE04EC0-301F-11D3-BF4B-00C04F79EFBC}") = "Echidna2.Mathematics", "Echidna2\Echidna2.Mathematics\Echidna2.Mathematics.csproj", "{D0E80016-5781-498A-A37D-F53AE71C903B}"
EndProject
Project("{FAE04EC0-301F-11D3-BF4B-00C04F79EFBC}") = "Echidna2.Core", "Echidna2\Echidna2.Core\Echidna2.Core.csproj", "{CE917BB6-AEA2-4179-9FD7-DFAEE9FB49AD}"
EndProject
Project("{FAE04EC0-301F-11D3-BF4B-00C04F79EFBC}") = "Echidna2.SourceGenerators", "Echidna2\Echidna2.SourceGenerators\Echidna2.SourceGenerators.csproj", "{5D65C86A-C184-49BE-943C-ED654B10FC84}"
EndProject
Project("{FAE04EC0-301F-11D3-BF4B-00C04F79EFBC}") = "Echidna2.Rendering", "Echidna2\Echidna2.Rendering\Echidna2.Rendering.csproj", "{2A862135-D0C0-4EC4-A0D4-C98C431491AE}"
EndProject
Project("{FAE04EC0-301F-11D3-BF4B-00C04F79EFBC}") = "TooManyExtensions", "Echidna2\TooManyExtensions\TooManyExtensions.csproj", "{EB6AF2B3-93F4-474A-882C-2BEDB9F22755}"
EndProject
Project("{FAE04EC0-301F-11D3-BF4B-00C04F79EFBC}") = "Echidna2.Rendering3D", "Echidna2\Echidna2.Rendering3D\Echidna2.Rendering3D.csproj", "{8038366C-8424-41CF-A476-61AF410ACC02}"
EndProject
Project("{FAE04EC0-301F-11D3-BF4B-00C04F79EFBC}") = "Echidna2.Physics", "Echidna2\Echidna2.Physics\Echidna2.Physics.csproj", "{2B7D2D48-9778-4C21-A466-2C660B0EA128}"
EndProject
Global
	GlobalSection(SolutionConfigurationPlatforms) = preSolution
		Debug|Any CPU = Debug|Any CPU
		Release|Any CPU = Release|Any CPU
	EndGlobalSection
	GlobalSection(ProjectConfigurationPlatforms) = postSolution
		{F5F4C9BD-75C9-474A-84CD-F65AEC842A23}.Debug|Any CPU.ActiveCfg = Debug|Any CPU
		{F5F4C9BD-75C9-474A-84CD-F65AEC842A23}.Debug|Any CPU.Build.0 = Debug|Any CPU
		{F5F4C9BD-75C9-474A-84CD-F65AEC842A23}.Release|Any CPU.ActiveCfg = Release|Any CPU
		{F5F4C9BD-75C9-474A-84CD-F65AEC842A23}.Release|Any CPU.Build.0 = Release|Any CPU
		{D0E80016-5781-498A-A37D-F53AE71C903B}.Debug|Any CPU.ActiveCfg = Debug|Any CPU
		{D0E80016-5781-498A-A37D-F53AE71C903B}.Debug|Any CPU.Build.0 = Debug|Any CPU
		{D0E80016-5781-498A-A37D-F53AE71C903B}.Release|Any CPU.ActiveCfg = Release|Any CPU
		{D0E80016-5781-498A-A37D-F53AE71C903B}.Release|Any CPU.Build.0 = Release|Any CPU
		{CE917BB6-AEA2-4179-9FD7-DFAEE9FB49AD}.Debug|Any CPU.ActiveCfg = Debug|Any CPU
		{CE917BB6-AEA2-4179-9FD7-DFAEE9FB49AD}.Debug|Any CPU.Build.0 = Debug|Any CPU
		{CE917BB6-AEA2-4179-9FD7-DFAEE9FB49AD}.Release|Any CPU.ActiveCfg = Release|Any CPU
		{CE917BB6-AEA2-4179-9FD7-DFAEE9FB49AD}.Release|Any CPU.Build.0 = Release|Any CPU
		{5D65C86A-C184-49BE-943C-ED654B10FC84}.Debug|Any CPU.ActiveCfg = Debug|Any CPU
		{5D65C86A-C184-49BE-943C-ED654B10FC84}.Debug|Any CPU.Build.0 = Debug|Any CPU
		{5D65C86A-C184-49BE-943C-ED654B10FC84}.Release|Any CPU.ActiveCfg = Release|Any CPU
		{5D65C86A-C184-49BE-943C-ED654B10FC84}.Release|Any CPU.Build.0 = Release|Any CPU
		{2A862135-D0C0-4EC4-A0D4-C98C431491AE}.Debug|Any CPU.ActiveCfg = Debug|Any CPU
		{2A862135-D0C0-4EC4-A0D4-C98C431491AE}.Debug|Any CPU.Build.0 = Debug|Any CPU
		{2A862135-D0C0-4EC4-A0D4-C98C431491AE}.Release|Any CPU.ActiveCfg = Release|Any CPU
		{2A862135-D0C0-4EC4-A0D4-C98C431491AE}.Release|Any CPU.Build.0 = Release|Any CPU
		{EB6AF2B3-93F4-474A-882C-2BEDB9F22755}.Debug|Any CPU.ActiveCfg = Debug|Any CPU
		{EB6AF2B3-93F4-474A-882C-2BEDB9F22755}.Debug|Any CPU.Build.0 = Debug|Any CPU
		{EB6AF2B3-93F4-474A-882C-2BEDB9F22755}.Release|Any CPU.ActiveCfg = Release|Any CPU
		{EB6AF2B3-93F4-474A-882C-2BEDB9F22755}.Release|Any CPU.Build.0 = Release|Any CPU
		{8038366C-8424-41CF-A476-61AF410ACC02}.Debug|Any CPU.ActiveCfg = Debug|Any CPU
		{8038366C-8424-41CF-A476-61AF410ACC02}.Debug|Any CPU.Build.0 = Debug|Any CPU
		{8038366C-8424-41CF-A476-61AF410ACC02}.Release|Any CPU.ActiveCfg = Release|Any CPU
		{8038366C-8424-41CF-A476-61AF410ACC02}.Release|Any CPU.Build.0 = Release|Any CPU
		{2B7D2D48-9778-4C21-A466-2C660B0EA128}.Debug|Any CPU.ActiveCfg = Debug|Any CPU
		{2B7D2D48-9778-4C21-A466-2C660B0EA128}.Debug|Any CPU.Build.0 = Debug|Any CPU
		{2B7D2D48-9778-4C21-A466-2C660B0EA128}.Release|Any CPU.ActiveCfg = Release|Any CPU
		{2B7D2D48-9778-4C21-A466-2C660B0EA128}.Release|Any CPU.Build.0 = Release|Any CPU
	EndGlobalSection
EndGlobal
