
Microsoft Visual Studio Solution File, Format Version 12.00
Project("{FAE04EC0-301F-11D3-BF4B-00C04F79EFBC}") = "SBEPIS", "SBEPIS\SBEPIS.csproj", "{F5F4C9BD-75C9-474A-84CD-F65AEC842A23}"
EndProject
Project("{FAE04EC0-301F-11D3-BF4B-00C04F79EFBC}") = "Echidna2.Mathematics", "..\Echidna2\Echidna2.Mathematics\Echidna2.Mathematics.csproj", "{D0E80016-5781-498A-A37D-F53AE71C903B}"
EndProject
Global
	GlobalSection(SolutionConfigurationPlatforms) = preSolution
		Debug|Any CPU = Debug|Any CPU
		Release|Any CPU = Release|Any CPU
	EndGlobalSection
	GlobalSection(ProjectConfigurationPlatforms) = postSolution
		{F5F4C9BD-75C9-474A-84CD-F65AEC842A23}.Debug|Any CPU.ActiveCfg = Debug|Any CPU
		{F5F4C9BD-75C9-474A-84CD-F65AEC842A23}.Debug|Any CPU.Build.0 = Debug|Any CPU
		{F5F4C9BD-75C9-474A-84CD-F65AEC842A23}.Release|Any CPU.ActiveCfg = Release|Any CPU
		{F5F4C9BD-75C9-474A-84CD-F65AEC842A23}.Release|Any CPU.Build.0 = Release|Any CPU
		{D0E80016-5781-498A-A37D-F53AE71C903B}.Debug|Any CPU.ActiveCfg = Debug|Any CPU
		{D0E80016-5781-498A-A37D-F53AE71C903B}.Debug|Any CPU.Build.0 = Debug|Any CPU
		{D0E80016-5781-498A-A37D-F53AE71C903B}.Release|Any CPU.ActiveCfg = Release|Any CPU
		{D0E80016-5781-498A-A37D-F53AE71C903B}.Release|Any CPU.Build.0 = Release|Any CPU
	EndGlobalSection
EndGlobal
